<?xml version="1.0" encoding="utf-8"?>
<Project ToolsVersion="4.0" xmlns="http://schemas.microsoft.com/developer/msbuild/2003">
  <ItemGroup>
    <ClCompile Include="pch.cpp" />
    <ClCompile Include="nrt_test_utils.cpp" />
    <ClCompile Include="nrt_test_tree.cpp" />
    <ClCompile Include="nrt_test_nrt_datetime.cpp" />
    <ClCompile Include="nrt_test_nrt_byte_swap.cpp" />
    <ClCompile Include="nrt_test_buffer_adapter.cpp" />
    <ClCompile Include="nrt_test_core_values.cpp" />
    <ClCompile Include="nrt_test_list.cpp" />
    <ClCompile Include="nitf_test_create.cpp" />
    <ClCompile Include="nitf_test_zero_field.cpp" />
    <ClCompile Include="nitf_test_mem_source.cpp" />
    <ClCompile Include="nitf_test_geo_utils.cpp" />
    <ClCompile Include="nitf_test_field.cpp" />
    <ClCompile Include="nitf_test_image_io.cpp" />
    <ClCompile Include="nitf_test_create_nitf.cpp" />
  </ItemGroup>
  <ItemGroup>
    <ClInclude Include="nrt_Test.h" />
    <ClInclude Include="pch.h" />
    <ClInclude Include="Test.h" />
    <ClInclude Include="TestCase.h" />
    <ClInclude Include="j2k_Test.h" />
    <ClInclude Include="nitf_Test.h" />
  </ItemGroup>
</Project>