<?xml version="1.0" encoding="utf-8"?>
<Project ToolsVersion="4.0" xmlns="http://schemas.microsoft.com/developer/msbuild/2003">
  <ItemGroup>
    <Filter Include="Source Files">
      <UniqueIdentifier>{4FC737F1-C7A5-4376-A066-2A32D752A2FF}</UniqueIdentifier>
      <Extensions>cpp;c;cc;cxx;c++;cppm;ixx;def;odl;idl;hpj;bat;asm;asmx</Extensions>
    </Filter>
    <Filter Include="Header Files">
      <UniqueIdentifier>{93995380-89BD-4b04-88EB-625FBE52EBFB}</UniqueIdentifier>
      <Extensions>h;hh;hpp;hxx;h++;hm;inl;inc;ipp;xsd</Extensions>
    </Filter>
    <Filter Include="Resource Files">
      <UniqueIdentifier>{67DA6AB6-F800-4c08-8B7A-83BB121AAD01}</UniqueIdentifier>
      <Extensions>rc;ico;cur;bmp;dlg;rc2;rct;bin;rgs;gif;jpg;jpeg;jpe;resx;tiff;tif;png;wav;mfcribbon-ms</Extensions>
    </Filter>
  </ItemGroup>
  <ItemGroup>
    <ClInclude Include="framework.h">
      <Filter>Header Files</Filter>
    </ClInclude>
    <ClInclude Include="pch.h">
      <Filter>Header Files</Filter>
    </ClInclude>
    <ClInclude Include="include\scene\AdjustableParams.h">
      <Filter>Header Files</Filter>
    </ClInclude>
    <ClInclude Include="include\scene\CoordinateTransform.h">
      <Filter>Header Files</Filter>
    </ClInclude>
    <ClInclude Include="include\scene\ECEFToLLATransform.h">
      <Filter>Header Files</Filter>
    </ClInclude>
    <ClInclude Include="include\scene\EllipsoidModel.h">
      <Filter>Header Files</Filter>
    </ClInclude>
    <ClInclude Include="include\scene\Errors.h">
      <Filter>Header Files</Filter>
    </ClInclude>
    <ClInclude Include="include\scene\FrameType.h">
      <Filter>Header Files</Filter>
    </ClInclude>
    <ClInclude Include="include\scene\GridECEFTransform.h">
      <Filter>Header Files</Filter>
    </ClInclude>
    <ClInclude Include="include\scene\GridGeometry.h">
      <Filter>Header Files</Filter>
    </ClInclude>
    <ClInclude Include="include\scene\LLAToECEFTransform.h">
      <Filter>Header Files</Filter>
    </ClInclude>
    <ClInclude Include="include\scene\LocalCoordinateTransform.h">
      <Filter>Header Files</Filter>
    </ClInclude>
    <ClInclude Include="include\scene\ProjectionModel.h">
      <Filter>Header Files</Filter>
    </ClInclude>
    <ClInclude Include="include\scene\ProjectionPolynomialFitter.h">
      <Filter>Header Files</Filter>
    </ClInclude>
    <ClInclude Include="include\scene\SceneGeometry.h">
      <Filter>Header Files</Filter>
    </ClInclude>
    <ClInclude Include="include\scene\Types.h">
      <Filter>Header Files</Filter>
    </ClInclude>
    <ClInclude Include="include\scene\Utilities.h">
      <Filter>Header Files</Filter>
    </ClInclude>
  </ItemGroup>
  <ItemGroup>
    <ClCompile Include="pch.cpp">
      <Filter>Source Files</Filter>
    </ClCompile>
    <ClCompile Include="source\AdjustableParams.cpp">
      <Filter>Source Files</Filter>
    </ClCompile>
    <ClCompile Include="source\CoordinateTransform.cpp">
      <Filter>Source Files</Filter>
    </ClCompile>
    <ClCompile Include="source\ECEFToLLATransform.cpp">
      <Filter>Source Files</Filter>
    </ClCompile>
    <ClCompile Include="source\EllipsoidModel.cpp">
      <Filter>Source Files</Filter>
    </ClCompile>
    <ClCompile Include="source\Errors.cpp">
      <Filter>Source Files</Filter>
    </ClCompile>
    <ClCompile Include="source\FrameType.cpp">
      <Filter>Source Files</Filter>
    </ClCompile>
    <ClCompile Include="source\GridECEFTransform.cpp">
      <Filter>Source Files</Filter>
    </ClCompile>
    <ClCompile Include="source\GridGeometry.cpp">
      <Filter>Source Files</Filter>
    </ClCompile>
    <ClCompile Include="source\LLAToECEFTransform.cpp">
      <Filter>Source Files</Filter>
    </ClCompile>
    <ClCompile Include="source\LocalCoordinateTransform.cpp">
      <Filter>Source Files</Filter>
    </ClCompile>
    <ClCompile Include="source\ProjectionModel.cpp">
      <Filter>Source Files</Filter>
    </ClCompile>
    <ClCompile Include="source\ProjectionPolynomialFitter.cpp">
      <Filter>Source Files</Filter>
    </ClCompile>
    <ClCompile Include="source\SceneGeometry.cpp">
      <Filter>Source Files</Filter>
    </ClCompile>
    <ClCompile Include="source\Types.cpp">
      <Filter>Source Files</Filter>
    </ClCompile>
    <ClCompile Include="source\Utilities.cpp">
      <Filter>Source Files</Filter>
    </ClCompile>
  </ItemGroup>
</Project>