
Microsoft Visual Studio Solution File, Format Version 12.00
# Visual Studio Version 17
VisualStudioVersion = 17.0.31903.59
MinimumVisualStudioVersion = 10.0.40219.1
Project("{2150E333-8FDC-42A3-9474-1A3956D46DE8}") = "Solution Items", "Solution Items", "{5C5727E7-0CFF-42B4-8F5A-D31B3BC81F21}"
	ProjectSection(SolutionItems) = preProject
		.gitignore = .gitignore
		CHANGES = CHANGES
		LICENSE = LICENSE
		README.md = README.md
		ReleaseNotes.md = ReleaseNotes.md
	EndProjectSection
EndProject
Project("{8BC9CEB8-8B4A-11D0-8D11-00A0C91BC942}") = "nitf-c", "modules\c\nitf-c.vcxproj", "{F06550AD-CFC7-40B8-8727-6C82C69A8982}"
EndProject
Project("{8BC9CEB8-8B4A-11D0-8D11-00A0C91BC942}") = "nitf-c++", "modules\c++\nitf-c++.vcxproj", "{8F357A19-799E-4971-850E-3F28485C130B}"
	ProjectSection(ProjectDependencies) = postProject
		{A676EDF3-F231-47C8-A6E6-0FE50B50B71B} = {A676EDF3-F231-47C8-A6E6-0FE50B50B71B}
		{C787537A-0CAC-4D6D-A6D6-A66765A06753} = {C787537A-0CAC-4D6D-A6D6-A66765A06753}
	EndProjectSection
EndProject
Project("{2150E333-8FDC-42A3-9474-1A3956D46DE8}") = "c-nitf-shared", "c-nitf-shared", "{27A2685A-E869-42A2-956D-92994F60C536}"
EndProject
Project("{8BC9CEB8-8B4A-11D0-8D11-00A0C91BC942}") = "show_nitf++", "modules\c++\nitf\apps\show_nitf++\show_nitf++.vcxproj", "{839FF52C-57D1-45B6-81FD-5C7D72523EE5}"
EndProject
Project("{8BC9CEB8-8B4A-11D0-8D11-00A0C91BC942}") = "J2KCompress", "modules\c\j2k\J2KCompress.vcxproj", "{A676EDF3-F231-47C8-A6E6-0FE50B50B71B}"
EndProject
Project("{8BC9CEB8-8B4A-11D0-8D11-00A0C91BC942}") = "J2KDecompress", "modules\c\j2k\J2KDecompress.vcxproj", "{C787537A-0CAC-4D6D-A6D6-A66765A06753}"
EndProject
Project("{2150E333-8FDC-42A3-9474-1A3956D46DE8}") = ".github-workflows", ".github-workflows", "{A45CB073-25A7-411D-A7E7-589BCC8AF547}"
	ProjectSection(SolutionItems) = preProject
		.github\workflows\codeql.yml = .github\workflows\codeql.yml
		.github\workflows\frequent_check.yml = .github\workflows\frequent_check.yml
		.github\workflows\main.yml = .github\workflows\main.yml
	EndProjectSection
EndProject
Project("{2150E333-8FDC-42A3-9474-1A3956D46DE8}") = "externals", "externals", "{7D26D571-0014-4C50-BF86-612E743E64B6}"
EndProject
Project("{8BC9CEB8-8B4A-11D0-8D11-00A0C91BC942}") = "coda-oss", "externals\coda-oss\modules\c++\coda-oss.vcxproj", "{9997E895-5161-4DDF-8F3F-099894CB2F21}"
EndProject
Project("{8BC9CEB8-8B4A-11D0-8D11-00A0C91BC942}") = "UnitTest", "UnitTest\UnitTest.vcxproj", "{8ACE478C-8F6F-4D42-9B43-7D75882D4BE1}"
	ProjectSection(ProjectDependencies) = postProject
		{53F9F908-C678-4DEE-9309-E71C1D03A45F} = {53F9F908-C678-4DEE-9309-E71C1D03A45F}
	EndProjectSection
EndProject
Project("{8BC9CEB8-8B4A-11D0-8D11-00A0C91BC942}") = "TEST_DES", "modules\c\nitf\TEST_DES.vcxproj", "{53F9F908-C678-4DEE-9309-E71C1D03A45F}"
EndProject
Global
	GlobalSection(SolutionConfigurationPlatforms) = preSolution
		Debug|x64 = Debug|x64
		Release|x64 = Release|x64
	EndGlobalSection
	GlobalSection(ProjectConfigurationPlatforms) = postSolution
		{F06550AD-CFC7-40B8-8727-6C82C69A8982}.Debug|x64.ActiveCfg = Debug|x64
		{F06550AD-CFC7-40B8-8727-6C82C69A8982}.Debug|x64.Build.0 = Debug|x64
		{F06550AD-CFC7-40B8-8727-6C82C69A8982}.Release|x64.ActiveCfg = Release|x64
		{F06550AD-CFC7-40B8-8727-6C82C69A8982}.Release|x64.Build.0 = Release|x64
		{8F357A19-799E-4971-850E-3F28485C130B}.Debug|x64.ActiveCfg = Debug|x64
		{8F357A19-799E-4971-850E-3F28485C130B}.Debug|x64.Build.0 = Debug|x64
		{8F357A19-799E-4971-850E-3F28485C130B}.Release|x64.ActiveCfg = Release|x64
		{8F357A19-799E-4971-850E-3F28485C130B}.Release|x64.Build.0 = Release|x64
		{839FF52C-57D1-45B6-81FD-5C7D72523EE5}.Debug|x64.ActiveCfg = Debug|x64
		{839FF52C-57D1-45B6-81FD-5C7D72523EE5}.Debug|x64.Build.0 = Debug|x64
		{839FF52C-57D1-45B6-81FD-5C7D72523EE5}.Release|x64.ActiveCfg = Release|x64
		{839FF52C-57D1-45B6-81FD-5C7D72523EE5}.Release|x64.Build.0 = Release|x64
		{A676EDF3-F231-47C8-A6E6-0FE50B50B71B}.Debug|x64.ActiveCfg = Debug|x64
		{A676EDF3-F231-47C8-A6E6-0FE50B50B71B}.Debug|x64.Build.0 = Debug|x64
		{A676EDF3-F231-47C8-A6E6-0FE50B50B71B}.Release|x64.ActiveCfg = Release|x64
		{A676EDF3-F231-47C8-A6E6-0FE50B50B71B}.Release|x64.Build.0 = Release|x64
		{C787537A-0CAC-4D6D-A6D6-A66765A06753}.Debug|x64.ActiveCfg = Debug|x64
		{C787537A-0CAC-4D6D-A6D6-A66765A06753}.Debug|x64.Build.0 = Debug|x64
		{C787537A-0CAC-4D6D-A6D6-A66765A06753}.Release|x64.ActiveCfg = Release|x64
		{C787537A-0CAC-4D6D-A6D6-A66765A06753}.Release|x64.Build.0 = Release|x64
		{9997E895-5161-4DDF-8F3F-099894CB2F21}.Debug|x64.ActiveCfg = Debug|x64
		{9997E895-5161-4DDF-8F3F-099894CB2F21}.Debug|x64.Build.0 = Debug|x64
		{9997E895-5161-4DDF-8F3F-099894CB2F21}.Release|x64.ActiveCfg = Release|x64
		{9997E895-5161-4DDF-8F3F-099894CB2F21}.Release|x64.Build.0 = Release|x64
		{8ACE478C-8F6F-4D42-9B43-7D75882D4BE1}.Debug|x64.ActiveCfg = Debug|x64
		{8ACE478C-8F6F-4D42-9B43-7D75882D4BE1}.Debug|x64.Build.0 = Debug|x64
		{8ACE478C-8F6F-4D42-9B43-7D75882D4BE1}.Release|x64.ActiveCfg = Release|x64
		{8ACE478C-8F6F-4D42-9B43-7D75882D4BE1}.Release|x64.Build.0 = Release|x64
		{53F9F908-C678-4DEE-9309-E71C1D03A45F}.Debug|x64.ActiveCfg = Debug|x64
		{53F9F908-C678-4DEE-9309-E71C1D03A45F}.Debug|x64.Build.0 = Debug|x64
		{53F9F908-C678-4DEE-9309-E71C1D03A45F}.Release|x64.ActiveCfg = Release|x64
		{53F9F908-C678-4DEE-9309-E71C1D03A45F}.Release|x64.Build.0 = Release|x64
	EndGlobalSection
	GlobalSection(SolutionProperties) = preSolution
		HideSolutionNode = FALSE
	EndGlobalSection
	GlobalSection(NestedProjects) = preSolution
		{A676EDF3-F231-47C8-A6E6-0FE50B50B71B} = {27A2685A-E869-42A2-956D-92994F60C536}
		{C787537A-0CAC-4D6D-A6D6-A66765A06753} = {27A2685A-E869-42A2-956D-92994F60C536}
		{A45CB073-25A7-411D-A7E7-589BCC8AF547} = {5C5727E7-0CFF-42B4-8F5A-D31B3BC81F21}
		{9997E895-5161-4DDF-8F3F-099894CB2F21} = {7D26D571-0014-4C50-BF86-612E743E64B6}
		{53F9F908-C678-4DEE-9309-E71C1D03A45F} = {27A2685A-E869-42A2-956D-92994F60C536}
	EndGlobalSection
	GlobalSection(ExtensibilityGlobals) = postSolution
		SolutionGuid = {2D7AC542-BBB6-4BAC-8BF1-7E76C714BBA4}
	EndGlobalSection
EndGlobal
