<?xml version="1.0" encoding="utf-8"?>
<Project ToolsVersion="4.0" xmlns="http://schemas.microsoft.com/developer/msbuild/2003">
  <ItemGroup>
    <Filter Include="Source Files">
      <UniqueIdentifier>{4FC737F1-C7A5-4376-A066-2A32D752A2FF}</UniqueIdentifier>
      <Extensions>cpp;c;cc;cxx;c++;cppm;ixx;def;odl;idl;hpj;bat;asm;asmx</Extensions>
    </Filter>
    <Filter Include="Header Files">
      <UniqueIdentifier>{93995380-89BD-4b04-88EB-625FBE52EBFB}</UniqueIdentifier>
      <Extensions>h;hh;hpp;hxx;h++;hm;inl;inc;ipp;xsd</Extensions>
    </Filter>
    <Filter Include="Resource Files">
      <UniqueIdentifier>{67DA6AB6-F800-4c08-8B7A-83BB121AAD01}</UniqueIdentifier>
      <Extensions>rc;ico;cur;bmp;dlg;rc2;rct;bin;rgs;gif;jpg;jpeg;jpe;resx;tiff;tif;png;wav;mfcribbon-ms</Extensions>
    </Filter>
  </ItemGroup>
  <ItemGroup>
    <ClInclude Include="framework.h">
      <Filter>Header Files</Filter>
    </ClInclude>
    <ClInclude Include="pch.h">
      <Filter>Header Files</Filter>
    </ClInclude>
    <ClInclude Include="include\six\sicd\Antenna.h">
      <Filter>Header Files</Filter>
    </ClInclude>
    <ClInclude Include="include\six\sicd\AreaPlaneUtility.h">
      <Filter>Header Files</Filter>
    </ClInclude>
    <ClInclude Include="include\six\sicd\ComplexClassification.h">
      <Filter>Header Files</Filter>
    </ClInclude>
    <ClInclude Include="include\six\sicd\ComplexData.h">
      <Filter>Header Files</Filter>
    </ClInclude>
    <ClInclude Include="include\six\sicd\ComplexDataBuilder.h">
      <Filter>Header Files</Filter>
    </ClInclude>
    <ClInclude Include="include\six\sicd\ComplexXMLControl.h">
      <Filter>Header Files</Filter>
    </ClInclude>
    <ClInclude Include="include\six\sicd\ComplexXMLParser.h">
      <Filter>Header Files</Filter>
    </ClInclude>
    <ClInclude Include="include\six\sicd\ComplexXMLParser04x.h">
      <Filter>Header Files</Filter>
    </ClInclude>
    <ClInclude Include="include\six\sicd\ComplexXMLParser10x.h">
      <Filter>Header Files</Filter>
    </ClInclude>
    <ClInclude Include="include\six\sicd\ComplexXMLParser040.h">
      <Filter>Header Files</Filter>
    </ClInclude>
    <ClInclude Include="include\six\sicd\ComplexXMLParser041.h">
      <Filter>Header Files</Filter>
    </ClInclude>
    <ClInclude Include="include\six\sicd\ComplexXMLParser050.h">
      <Filter>Header Files</Filter>
    </ClInclude>
    <ClInclude Include="include\six\sicd\ComplexXMLParser100.h">
      <Filter>Header Files</Filter>
    </ClInclude>
    <ClInclude Include="include\six\sicd\ComplexXMLParser101.h">
      <Filter>Header Files</Filter>
    </ClInclude>
    <ClInclude Include="include\six\sicd\CropUtils.h">
      <Filter>Header Files</Filter>
    </ClInclude>
    <ClInclude Include="include\six\sicd\Functor.h">
      <Filter>Header Files</Filter>
    </ClInclude>
    <ClInclude Include="include\six\sicd\GeoData.h">
      <Filter>Header Files</Filter>
    </ClInclude>
    <ClInclude Include="include\six\sicd\GeoLocator.h">
      <Filter>Header Files</Filter>
    </ClInclude>
    <ClInclude Include="include\six\sicd\Grid.h">
      <Filter>Header Files</Filter>
    </ClInclude>
    <ClInclude Include="include\six\sicd\ImageCreation.h">
      <Filter>Header Files</Filter>
    </ClInclude>
    <ClInclude Include="include\six\sicd\ImageData.h">
      <Filter>Header Files</Filter>
    </ClInclude>
    <ClInclude Include="include\six\sicd\ImageFormation.h">
      <Filter>Header Files</Filter>
    </ClInclude>
    <ClInclude Include="include\six\sicd\PFA.h">
      <Filter>Header Files</Filter>
    </ClInclude>
    <ClInclude Include="include\six\sicd\Position.h">
      <Filter>Header Files</Filter>
    </ClInclude>
    <ClInclude Include="include\six\sicd\RadarCollection.h">
      <Filter>Header Files</Filter>
    </ClInclude>
    <ClInclude Include="include\six\sicd\RgAzComp.h">
      <Filter>Header Files</Filter>
    </ClInclude>
    <ClInclude Include="include\six\sicd\RMA.h">
      <Filter>Header Files</Filter>
    </ClInclude>
    <ClInclude Include="include\six\sicd\SCPCOA.h">
      <Filter>Header Files</Filter>
    </ClInclude>
    <ClInclude Include="include\six\sicd\SICDByteProvider.h">
      <Filter>Header Files</Filter>
    </ClInclude>
    <ClInclude Include="include\six\sicd\SICDMesh.h">
      <Filter>Header Files</Filter>
    </ClInclude>
    <ClInclude Include="include\six\sicd\SICDVersionUpdater.h">
      <Filter>Header Files</Filter>
    </ClInclude>
    <ClInclude Include="include\six\sicd\SICDWriteControl.h">
      <Filter>Header Files</Filter>
    </ClInclude>
    <ClInclude Include="include\six\sicd\SlantPlanePixelTransformer.h">
      <Filter>Header Files</Filter>
    </ClInclude>
    <ClInclude Include="include\six\sicd\Timeline.h">
      <Filter>Header Files</Filter>
    </ClInclude>
    <ClInclude Include="include\six\sicd\Utilities.h">
      <Filter>Header Files</Filter>
    </ClInclude>
    <ClInclude Include="include\six\sicd\KDTree.h">
      <Filter>Header Files</Filter>
    </ClInclude>
    <ClInclude Include="include\six\sicd\NITFReadComplexXMLControl.h">
      <Filter>Header Files</Filter>
    </ClInclude>
    <ClInclude Include="include\six\sicd\ComplexToAMP8IPHS8I.h">
      <Filter>Header Files</Filter>
    </ClInclude>
  </ItemGroup>
  <ItemGroup>
    <ClCompile Include="pch.cpp">
      <Filter>Source Files</Filter>
    </ClCompile>
    <ClCompile Include="source\Antenna.cpp">
      <Filter>Source Files</Filter>
    </ClCompile>
    <ClCompile Include="source\AreaPlaneUtility.cpp">
      <Filter>Source Files</Filter>
    </ClCompile>
    <ClCompile Include="source\ComplexData.cpp">
      <Filter>Source Files</Filter>
    </ClCompile>
    <ClCompile Include="source\ComplexDataBuilder.cpp">
      <Filter>Source Files</Filter>
    </ClCompile>
    <ClCompile Include="source\ComplexXMLControl.cpp">
      <Filter>Source Files</Filter>
    </ClCompile>
    <ClCompile Include="source\ComplexXMLParser.cpp">
      <Filter>Source Files</Filter>
    </ClCompile>
    <ClCompile Include="source\ComplexXMLParser04x.cpp">
      <Filter>Source Files</Filter>
    </ClCompile>
    <ClCompile Include="source\ComplexXMLParser10x.cpp">
      <Filter>Source Files</Filter>
    </ClCompile>
    <ClCompile Include="source\ComplexXMLParser040.cpp">
      <Filter>Source Files</Filter>
    </ClCompile>
    <ClCompile Include="source\ComplexXMLParser041.cpp">
      <Filter>Source Files</Filter>
    </ClCompile>
    <ClCompile Include="source\ComplexXMLParser050.cpp">
      <Filter>Source Files</Filter>
    </ClCompile>
    <ClCompile Include="source\ComplexXMLParser100.cpp">
      <Filter>Source Files</Filter>
    </ClCompile>
    <ClCompile Include="source\ComplexXMLParser101.cpp">
      <Filter>Source Files</Filter>
    </ClCompile>
    <ClCompile Include="source\CropUtils.cpp">
      <Filter>Source Files</Filter>
    </ClCompile>
    <ClCompile Include="source\Functor.cpp">
      <Filter>Source Files</Filter>
    </ClCompile>
    <ClCompile Include="source\GeoData.cpp">
      <Filter>Source Files</Filter>
    </ClCompile>
    <ClCompile Include="source\GeoLocator.cpp">
      <Filter>Source Files</Filter>
    </ClCompile>
    <ClCompile Include="source\Grid.cpp">
      <Filter>Source Files</Filter>
    </ClCompile>
    <ClCompile Include="source\ImageData.cpp">
      <Filter>Source Files</Filter>
    </ClCompile>
    <ClCompile Include="source\ImageFormation.cpp">
      <Filter>Source Files</Filter>
    </ClCompile>
    <ClCompile Include="source\PFA.cpp">
      <Filter>Source Files</Filter>
    </ClCompile>
    <ClCompile Include="source\Position.cpp">
      <Filter>Source Files</Filter>
    </ClCompile>
    <ClCompile Include="source\RadarCollection.cpp">
      <Filter>Source Files</Filter>
    </ClCompile>
    <ClCompile Include="source\RgAzComp.cpp">
      <Filter>Source Files</Filter>
    </ClCompile>
    <ClCompile Include="source\RMA.cpp">
      <Filter>Source Files</Filter>
    </ClCompile>
    <ClCompile Include="source\SCPCOA.cpp">
      <Filter>Source Files</Filter>
    </ClCompile>
    <ClCompile Include="source\SICDByteProvider.cpp">
      <Filter>Source Files</Filter>
    </ClCompile>
    <ClCompile Include="source\SICDMesh.cpp">
      <Filter>Source Files</Filter>
    </ClCompile>
    <ClCompile Include="source\SICDVersionUpdater.cpp">
      <Filter>Source Files</Filter>
    </ClCompile>
    <ClCompile Include="source\SICDWriteControl.cpp">
      <Filter>Source Files</Filter>
    </ClCompile>
    <ClCompile Include="source\SlantPlanePixelTransformer.cpp">
      <Filter>Source Files</Filter>
    </ClCompile>
    <ClCompile Include="source\Timeline.cpp">
      <Filter>Source Files</Filter>
    </ClCompile>
    <ClCompile Include="source\Utilities.cpp">
      <Filter>Source Files</Filter>
    </ClCompile>
    <ClCompile Include="source\KDTree.cpp">
      <Filter>Source Files</Filter>
    </ClCompile>
    <ClCompile Include="source\NITFReadComplexXMLControl.cpp">
      <Filter>Source Files</Filter>
    </ClCompile>
    <ClCompile Include="source\ComplexToAMP8IPHS8I.cpp">
      <Filter>Source Files</Filter>
    </ClCompile>
  </ItemGroup>
</Project>