<?xml version="1.0" encoding="utf-8"?>
<Project ToolsVersion="4.0" xmlns="http://schemas.microsoft.com/developer/msbuild/2003">
  <ItemGroup>
    <Filter Include="Source Files">
      <UniqueIdentifier>{4FC737F1-C7A5-4376-A066-2A32D752A2FF}</UniqueIdentifier>
      <Extensions>cpp;c;cc;cxx;c++;cppm;ixx;def;odl;idl;hpj;bat;asm;asmx</Extensions>
    </Filter>
    <Filter Include="Header Files">
      <UniqueIdentifier>{93995380-89BD-4b04-88EB-625FBE52EBFB}</UniqueIdentifier>
      <Extensions>h;hh;hpp;hxx;h++;hm;inl;inc;ipp;xsd</Extensions>
    </Filter>
    <Filter Include="Resource Files">
      <UniqueIdentifier>{67DA6AB6-F800-4c08-8B7A-83BB121AAD01}</UniqueIdentifier>
      <Extensions>rc;ico;cur;bmp;dlg;rc2;rct;bin;rgs;gif;jpg;jpeg;jpe;resx;tiff;tif;png;wav;mfcribbon-ms</Extensions>
    </Filter>
  </ItemGroup>
  <ItemGroup>
    <ClInclude Include="framework.h">
      <Filter>Header Files</Filter>
    </ClInclude>
    <ClInclude Include="pch.h">
      <Filter>Header Files</Filter>
    </ClInclude>
    <ClInclude Include="include\cphd03\Antenna.h">
      <Filter>Header Files</Filter>
    </ClInclude>
    <ClInclude Include="include\cphd03\Channel.h">
      <Filter>Header Files</Filter>
    </ClInclude>
    <ClInclude Include="include\cphd03\CPHDReader.h">
      <Filter>Header Files</Filter>
    </ClInclude>
    <ClInclude Include="include\cphd03\CPHDWriter.h">
      <Filter>Header Files</Filter>
    </ClInclude>
    <ClInclude Include="include\cphd03\CPHDXMLControl.h">
      <Filter>Header Files</Filter>
    </ClInclude>
    <ClInclude Include="include\cphd03\Data.h">
      <Filter>Header Files</Filter>
    </ClInclude>
    <ClInclude Include="include\cphd03\FileHeader.h">
      <Filter>Header Files</Filter>
    </ClInclude>
    <ClInclude Include="include\cphd03\Global.h">
      <Filter>Header Files</Filter>
    </ClInclude>
    <ClInclude Include="include\cphd03\Metadata.h">
      <Filter>Header Files</Filter>
    </ClInclude>
    <ClInclude Include="include\cphd03\SRP.h">
      <Filter>Header Files</Filter>
    </ClInclude>
    <ClInclude Include="include\cphd03\Utilities.h">
      <Filter>Header Files</Filter>
    </ClInclude>
    <ClInclude Include="include\cphd03\VBM.h">
      <Filter>Header Files</Filter>
    </ClInclude>
    <ClInclude Include="include\cphd03\VectorParameters.h">
      <Filter>Header Files</Filter>
    </ClInclude>
    <ClInclude Include="include\cphd03\Exports.h">
      <Filter>Header Files</Filter>
    </ClInclude>
  </ItemGroup>
  <ItemGroup>
    <ClCompile Include="pch.cpp">
      <Filter>Source Files</Filter>
    </ClCompile>
    <ClCompile Include="source\Antenna.cpp">
      <Filter>Source Files</Filter>
    </ClCompile>
    <ClCompile Include="source\Channel.cpp">
      <Filter>Source Files</Filter>
    </ClCompile>
    <ClCompile Include="source\CPHDReader.cpp">
      <Filter>Source Files</Filter>
    </ClCompile>
    <ClCompile Include="source\CPHDWriter.cpp">
      <Filter>Source Files</Filter>
    </ClCompile>
    <ClCompile Include="source\CPHDXMLControl.cpp">
      <Filter>Source Files</Filter>
    </ClCompile>
    <ClCompile Include="source\Data.cpp">
      <Filter>Source Files</Filter>
    </ClCompile>
    <ClCompile Include="source\FileHeader.cpp">
      <Filter>Source Files</Filter>
    </ClCompile>
    <ClCompile Include="source\Global.cpp">
      <Filter>Source Files</Filter>
    </ClCompile>
    <ClCompile Include="source\Metadata.cpp">
      <Filter>Source Files</Filter>
    </ClCompile>
    <ClCompile Include="source\SRP.cpp">
      <Filter>Source Files</Filter>
    </ClCompile>
    <ClCompile Include="source\Utilities.cpp">
      <Filter>Source Files</Filter>
    </ClCompile>
    <ClCompile Include="source\VBM.cpp">
      <Filter>Source Files</Filter>
    </ClCompile>
    <ClCompile Include="source\VectorParameters.cpp">
      <Filter>Source Files</Filter>
    </ClCompile>
  </ItemGroup>
</Project>