<?xml version="1.0" encoding="utf-8"?>
<Project ToolsVersion="4.0" xmlns="http://schemas.microsoft.com/developer/msbuild/2003">
  <ItemGroup>
    <ClCompile Include="CppUnitTestAssert.cpp" />
    <ClCompile Include="pch.cpp" />
    <ClCompile Include="cphd_test_channel.cpp">
      <Filter>cphd</Filter>
    </ClCompile>
  </ItemGroup>
  <ItemGroup>
    <ClInclude Include="pch.h" />
    <ClInclude Include="cphd_Test.h">
      <Filter>cphd</Filter>
    </ClInclude>
    <ClInclude Include="TestCase.h" />
  </ItemGroup>
  <ItemGroup>
    <Filter Include="cphd">
      <UniqueIdentifier>{8bd6bd82-c3b8-4c70-8152-2f68872ec864}</UniqueIdentifier>
    </Filter>
  </ItemGroup>
</Project>