<?xml version="1.0" encoding="utf-8"?>
<Project ToolsVersion="4.0" xmlns="http://schemas.microsoft.com/developer/msbuild/2003">
  <ItemGroup>
    <Filter Include="Source Files">
      <UniqueIdentifier>{4FC737F1-C7A5-4376-A066-2A32D752A2FF}</UniqueIdentifier>
      <Extensions>cpp;c;cc;cxx;c++;cppm;ixx;def;odl;idl;hpj;bat;asm;asmx</Extensions>
    </Filter>
    <Filter Include="Header Files">
      <UniqueIdentifier>{93995380-89BD-4b04-88EB-625FBE52EBFB}</UniqueIdentifier>
      <Extensions>h;hh;hpp;hxx;h++;hm;inl;inc;ipp;xsd</Extensions>
    </Filter>
    <Filter Include="Resource Files">
      <UniqueIdentifier>{67DA6AB6-F800-4c08-8B7A-83BB121AAD01}</UniqueIdentifier>
      <Extensions>rc;ico;cur;bmp;dlg;rc2;rct;bin;rgs;gif;jpg;jpeg;jpe;resx;tiff;tif;png;wav;mfcribbon-ms</Extensions>
    </Filter>
    <Filter Include="vts">
      <UniqueIdentifier>{3e1bdc30-4cb5-4204-b3a8-b7fff0c62a64}</UniqueIdentifier>
    </Filter>
    <Filter Include="csm">
      <UniqueIdentifier>{5fc9af72-4ac8-4831-953e-1aadaee9d538}</UniqueIdentifier>
    </Filter>
  </ItemGroup>
  <ItemGroup>
    <ClInclude Include="framework.h">
      <Filter>Header Files</Filter>
    </ClInclude>
    <ClInclude Include="pch.h">
      <Filter>Header Files</Filter>
    </ClInclude>
    <ClInclude Include="external\vts_301_0\include\constants.h">
      <Filter>vts</Filter>
    </ClInclude>
    <ClInclude Include="external\vts_301_0\include\SMManager.h">
      <Filter>vts</Filter>
    </ClInclude>
    <ClInclude Include="external\vts_301_0\include\tinyxml.h">
      <Filter>vts</Filter>
    </ClInclude>
    <ClInclude Include="external\vts_301_0\include\tokenizer.h">
      <Filter>vts</Filter>
    </ClInclude>
    <ClInclude Include="external\vts_301_0\include\VTSMisc.h">
      <Filter>vts</Filter>
    </ClInclude>
    <ClInclude Include="external\csm-3.0.3.3\BundleGM.h">
      <Filter>csm</Filter>
    </ClInclude>
    <ClInclude Include="external\csm-3.0.3.3\BytestreamIsd.h">
      <Filter>csm</Filter>
    </ClInclude>
    <ClInclude Include="external\csm-3.0.3.3\CorrelationModel.h">
      <Filter>csm</Filter>
    </ClInclude>
    <ClInclude Include="external\csm-3.0.3.3\csm.h">
      <Filter>csm</Filter>
    </ClInclude>
    <ClInclude Include="external\csm-3.0.3.3\csmPointCloud.h">
      <Filter>csm</Filter>
    </ClInclude>
    <ClInclude Include="external\csm-3.0.3.3\Ellipsoid.h">
      <Filter>csm</Filter>
    </ClInclude>
    <ClInclude Include="external\csm-3.0.3.3\Error.h">
      <Filter>csm</Filter>
    </ClInclude>
    <ClInclude Include="external\csm-3.0.3.3\FourParameterCorrelationModel.h">
      <Filter>csm</Filter>
    </ClInclude>
    <ClInclude Include="external\csm-3.0.3.3\GeometricModel.h">
      <Filter>csm</Filter>
    </ClInclude>
    <ClInclude Include="external\csm-3.0.3.3\Isd.h">
      <Filter>csm</Filter>
    </ClInclude>
    <ClInclude Include="external\csm-3.0.3.3\LinearDecayCorrelationModel.h">
      <Filter>csm</Filter>
    </ClInclude>
    <ClInclude Include="external\csm-3.0.3.3\Model.h">
      <Filter>csm</Filter>
    </ClInclude>
    <ClInclude Include="external\csm-3.0.3.3\ModelIdentifier.h">
      <Filter>csm</Filter>
    </ClInclude>
    <ClInclude Include="external\csm-3.0.3.3\MultiNitfIsd.h">
      <Filter>csm</Filter>
    </ClInclude>
    <ClInclude Include="external\csm-3.0.3.3\NitfIsd.h">
      <Filter>csm</Filter>
    </ClInclude>
    <ClInclude Include="external\csm-3.0.3.3\Plugin.h">
      <Filter>csm</Filter>
    </ClInclude>
    <ClInclude Include="external\csm-3.0.3.3\PointCloudGM.h">
      <Filter>csm</Filter>
    </ClInclude>
    <ClInclude Include="external\csm-3.0.3.3\PointCloudIsd.h">
      <Filter>csm</Filter>
    </ClInclude>
    <ClInclude Include="external\csm-3.0.3.3\RasterGM.h">
      <Filter>csm</Filter>
    </ClInclude>
    <ClInclude Include="external\csm-3.0.3.3\SettableEllipsoid.h">
      <Filter>csm</Filter>
    </ClInclude>
    <ClInclude Include="external\csm-3.0.3.3\Version.h">
      <Filter>csm</Filter>
    </ClInclude>
    <ClInclude Include="external\csm-3.0.3.3\Warning.h">
      <Filter>csm</Filter>
    </ClInclude>
  </ItemGroup>
  <ItemGroup>
    <ClCompile Include="pch.cpp">
      <Filter>Source Files</Filter>
    </ClCompile>
    <ClCompile Include="external\vts_301_0\source\compareParam.cpp">
      <Filter>vts</Filter>
    </ClCompile>
    <ClCompile Include="external\vts_301_0\source\recordLog.cpp">
      <Filter>vts</Filter>
    </ClCompile>
    <ClCompile Include="external\vts_301_0\source\SensorModelThreadSafe.cpp">
      <Filter>vts</Filter>
    </ClCompile>
    <ClCompile Include="external\vts_301_0\source\SMManager.cpp">
      <Filter>vts</Filter>
    </ClCompile>
    <ClCompile Include="external\vts_301_0\source\tinyxml.cpp">
      <Filter>vts</Filter>
    </ClCompile>
    <ClCompile Include="external\vts_301_0\source\tokenizer.cpp">
      <Filter>vts</Filter>
    </ClCompile>
    <ClCompile Include="external\vts_301_0\source\vts.cpp">
      <Filter>vts</Filter>
    </ClCompile>
    <ClCompile Include="external\vts_301_0\source\vts_isd.cpp">
      <Filter>vts</Filter>
    </ClCompile>
    <ClCompile Include="external\vts_301_0\source\vts_misc.cpp">
      <Filter>vts</Filter>
    </ClCompile>
    <ClCompile Include="external\csm-3.0.3.3\BundleGM.cpp">
      <Filter>csm</Filter>
    </ClCompile>
    <ClCompile Include="external\csm-3.0.3.3\CorrelationModel.cpp">
      <Filter>csm</Filter>
    </ClCompile>
    <ClCompile Include="external\csm-3.0.3.3\csmPointCloud.cpp">
      <Filter>csm</Filter>
    </ClCompile>
    <ClCompile Include="external\csm-3.0.3.3\Ellipsoid.cpp">
      <Filter>csm</Filter>
    </ClCompile>
    <ClCompile Include="external\csm-3.0.3.3\FourParameterCorrelationModel.cpp">
      <Filter>csm</Filter>
    </ClCompile>
    <ClCompile Include="external\csm-3.0.3.3\GeometricModel.cpp">
      <Filter>csm</Filter>
    </ClCompile>
    <ClCompile Include="external\csm-3.0.3.3\Isd.cpp">
      <Filter>csm</Filter>
    </ClCompile>
    <ClCompile Include="external\csm-3.0.3.3\LinearDecayCorrelationModel.cpp">
      <Filter>csm</Filter>
    </ClCompile>
    <ClCompile Include="external\csm-3.0.3.3\ModelIdentifier.cpp">
      <Filter>csm</Filter>
    </ClCompile>
    <ClCompile Include="external\csm-3.0.3.3\MultiNitfIsd.cpp">
      <Filter>csm</Filter>
    </ClCompile>
    <ClCompile Include="external\csm-3.0.3.3\Plugin.cpp">
      <Filter>csm</Filter>
    </ClCompile>
    <ClCompile Include="external\csm-3.0.3.3\PointCloudGM.cpp">
      <Filter>csm</Filter>
    </ClCompile>
    <ClCompile Include="external\csm-3.0.3.3\PointCloudIsd.cpp">
      <Filter>csm</Filter>
    </ClCompile>
    <ClCompile Include="external\csm-3.0.3.3\RasterGM.cpp">
      <Filter>csm</Filter>
    </ClCompile>
    <ClCompile Include="external\csm-3.0.3.3\SettableEllipsoid.cpp">
      <Filter>csm</Filter>
    </ClCompile>
    <ClCompile Include="external\csm-3.0.3.3\Version.cpp">
      <Filter>csm</Filter>
    </ClCompile>
  </ItemGroup>
  <ItemGroup>
    <None Include="external\csm-3.0.3.3\Doxyfile">
      <Filter>csm</Filter>
    </None>
    <None Include="external\csm-3.0.3.3\LICENSE">
      <Filter>csm</Filter>
    </None>
    <None Include="external\csm-3.0.3.3\Makefile">
      <Filter>csm</Filter>
    </None>
    <None Include="external\csm-3.0.3.3\Makefile.linux">
      <Filter>csm</Filter>
    </None>
    <None Include="external\csm-3.0.3.3\Makefile.linux64">
      <Filter>csm</Filter>
    </None>
    <None Include="external\csm-3.0.3.3\Makefile.linuxIA64">
      <Filter>csm</Filter>
    </None>
    <None Include="external\csm-3.0.3.3\Makefile.sgi">
      <Filter>csm</Filter>
    </None>
    <None Include="external\csm-3.0.3.3\Makefile.solaris">
      <Filter>csm</Filter>
    </None>
    <None Include="external\csm-3.0.3.3\Makefile.solaris64">
      <Filter>csm</Filter>
    </None>
    <None Include="external\csm-3.0.3.3\Makefile.solaris64-stlport">
      <Filter>csm</Filter>
    </None>
    <None Include="external\csm-3.0.3.3\Makefile.solaris86">
      <Filter>csm</Filter>
    </None>
    <None Include="external\csm-3.0.3.3\Makefile.solaris-stlport">
      <Filter>csm</Filter>
    </None>
    <None Include="external\csm-3.0.3.3\Makefile.win32">
      <Filter>csm</Filter>
    </None>
    <None Include="external\csm-3.0.3.3\README">
      <Filter>csm</Filter>
    </None>
  </ItemGroup>
</Project>