<?xml version="1.0" encoding="utf-8"?>
<Project ToolsVersion="4.0" xmlns="http://schemas.microsoft.com/developer/msbuild/2003">
  <ItemGroup>
    <Filter Include="Source Files">
      <UniqueIdentifier>{4FC737F1-C7A5-4376-A066-2A32D752A2FF}</UniqueIdentifier>
      <Extensions>cpp;c;cc;cxx;c++;cppm;ixx;def;odl;idl;hpj;bat;asm;asmx</Extensions>
    </Filter>
    <Filter Include="Header Files">
      <UniqueIdentifier>{93995380-89BD-4b04-88EB-625FBE52EBFB}</UniqueIdentifier>
      <Extensions>h;hh;hpp;hxx;h++;hm;inl;inc;ipp;xsd</Extensions>
    </Filter>
    <Filter Include="Resource Files">
      <UniqueIdentifier>{67DA6AB6-F800-4c08-8B7A-83BB121AAD01}</UniqueIdentifier>
      <Extensions>rc;ico;cur;bmp;dlg;rc2;rct;bin;rgs;gif;jpg;jpeg;jpe;resx;tiff;tif;png;wav;mfcribbon-ms</Extensions>
    </Filter>
    <Filter Include="vts">
      <UniqueIdentifier>{3e1bdc30-4cb5-4204-b3a8-b7fff0c62a64}</UniqueIdentifier>
    </Filter>
    <Filter Include="csm">
      <UniqueIdentifier>{5fc9af72-4ac8-4831-953e-1aadaee9d538}</UniqueIdentifier>
    </Filter>
  </ItemGroup>
  <ItemGroup>
    <ClInclude Include="framework.h">
      <Filter>Header Files</Filter>
    </ClInclude>
    <ClInclude Include="pch.h">
      <Filter>Header Files</Filter>
    </ClInclude>
    <ClInclude Include="external\vts_301_0\include\constants.h">
      <Filter>vts</Filter>
    </ClInclude>
    <ClInclude Include="external\vts_301_0\include\SMManager.h">
      <Filter>vts</Filter>
    </ClInclude>
    <ClInclude Include="external\vts_301_0\include\tinyxml.h">
      <Filter>vts</Filter>
    </ClInclude>
    <ClInclude Include="external\vts_301_0\include\tokenizer.h">
      <Filter>vts</Filter>
    </ClInclude>
    <ClInclude Include="external\vts_301_0\include\VTSMisc.h">
      <Filter>vts</Filter>
    </ClInclude>
    <ClInclude Include="include\six\csm\SICDSensorModel.h">
      <Filter>Header Files</Filter>
    </ClInclude>
    <ClInclude Include="include\six\csm\SIDDSensorModel.h">
      <Filter>Header Files</Filter>
    </ClInclude>
    <ClInclude Include="include\six\csm\SIXPlugin.h">
      <Filter>Header Files</Filter>
    </ClInclude>
    <ClInclude Include="include\six\csm\SIXSensorModel.h">
      <Filter>Header Files</Filter>
    </ClInclude>
    <ClInclude Include="external\csm-3.0.4\BundleGM.h">
      <Filter>Header Files</Filter>
    </ClInclude>
    <ClInclude Include="external\csm-3.0.4\BytestreamIsd.h">
      <Filter>Header Files</Filter>
    </ClInclude>
    <ClInclude Include="external\csm-3.0.4\CorrelationModel.h">
      <Filter>Header Files</Filter>
    </ClInclude>
    <ClInclude Include="external\csm-3.0.4\csm.h">
      <Filter>Header Files</Filter>
    </ClInclude>
    <ClInclude Include="external\csm-3.0.4\csmPointCloud.h">
      <Filter>Header Files</Filter>
    </ClInclude>
    <ClInclude Include="external\csm-3.0.4\Ellipsoid.h">
      <Filter>Header Files</Filter>
    </ClInclude>
    <ClInclude Include="external\csm-3.0.4\Error.h">
      <Filter>Header Files</Filter>
    </ClInclude>
    <ClInclude Include="external\csm-3.0.4\FourParameterCorrelationModel.h">
      <Filter>Header Files</Filter>
    </ClInclude>
    <ClInclude Include="external\csm-3.0.4\GeometricModel.h">
      <Filter>Header Files</Filter>
    </ClInclude>
    <ClInclude Include="external\csm-3.0.4\Isd.h">
      <Filter>Header Files</Filter>
    </ClInclude>
    <ClInclude Include="external\csm-3.0.4\LinearDecayCorrelationModel.h">
      <Filter>Header Files</Filter>
    </ClInclude>
    <ClInclude Include="external\csm-3.0.4\Model.h">
      <Filter>Header Files</Filter>
    </ClInclude>
    <ClInclude Include="external\csm-3.0.4\ModelIdentifier.h">
      <Filter>Header Files</Filter>
    </ClInclude>
    <ClInclude Include="external\csm-3.0.4\MultiNitfIsd.h">
      <Filter>Header Files</Filter>
    </ClInclude>
    <ClInclude Include="external\csm-3.0.4\NitfIsd.h">
      <Filter>Header Files</Filter>
    </ClInclude>
    <ClInclude Include="external\csm-3.0.4\Plugin.h">
      <Filter>Header Files</Filter>
    </ClInclude>
    <ClInclude Include="external\csm-3.0.4\PointCloudGM.h">
      <Filter>Header Files</Filter>
    </ClInclude>
    <ClInclude Include="external\csm-3.0.4\PointCloudIsd.h">
      <Filter>Header Files</Filter>
    </ClInclude>
    <ClInclude Include="external\csm-3.0.4\RasterGM.h">
      <Filter>Header Files</Filter>
    </ClInclude>
    <ClInclude Include="external\csm-3.0.4\SettableEllipsoid.h">
      <Filter>Header Files</Filter>
    </ClInclude>
    <ClInclude Include="external\csm-3.0.4\Version.h">
      <Filter>Header Files</Filter>
    </ClInclude>
    <ClInclude Include="external\csm-3.0.4\Warning.h">
      <Filter>Header Files</Filter>
    </ClInclude>
  </ItemGroup>
  <ItemGroup>
    <ClCompile Include="pch.cpp">
      <Filter>Source Files</Filter>
    </ClCompile>
    <ClCompile Include="external\vts_301_0\source\compareParam.cpp">
      <Filter>vts</Filter>
    </ClCompile>
    <ClCompile Include="external\vts_301_0\source\recordLog.cpp">
      <Filter>vts</Filter>
    </ClCompile>
    <ClCompile Include="external\vts_301_0\source\SensorModelThreadSafe.cpp">
      <Filter>vts</Filter>
    </ClCompile>
    <ClCompile Include="external\vts_301_0\source\SMManager.cpp">
      <Filter>vts</Filter>
    </ClCompile>
    <ClCompile Include="external\vts_301_0\source\tinyxml.cpp">
      <Filter>vts</Filter>
    </ClCompile>
    <ClCompile Include="external\vts_301_0\source\tokenizer.cpp">
      <Filter>vts</Filter>
    </ClCompile>
    <ClCompile Include="external\vts_301_0\source\vts.cpp">
      <Filter>vts</Filter>
    </ClCompile>
    <ClCompile Include="external\vts_301_0\source\vts_isd.cpp">
      <Filter>vts</Filter>
    </ClCompile>
    <ClCompile Include="external\vts_301_0\source\vts_misc.cpp">
      <Filter>vts</Filter>
    </ClCompile>
    <ClCompile Include="source\SICDSensorModel.cpp">
      <Filter>Source Files</Filter>
    </ClCompile>
    <ClCompile Include="source\SIDDSensorModel.cpp">
      <Filter>Source Files</Filter>
    </ClCompile>
    <ClCompile Include="source\SIXPlugin.cpp">
      <Filter>Source Files</Filter>
    </ClCompile>
    <ClCompile Include="source\SIXSensorModel.cpp">
      <Filter>Source Files</Filter>
    </ClCompile>
    <ClCompile Include="external\csm-3.0.4\BundleGM.cpp">
      <Filter>Source Files</Filter>
    </ClCompile>
    <ClCompile Include="external\csm-3.0.4\CorrelationModel.cpp">
      <Filter>Source Files</Filter>
    </ClCompile>
    <ClCompile Include="external\csm-3.0.4\csmPointCloud.cpp">
      <Filter>Source Files</Filter>
    </ClCompile>
    <ClCompile Include="external\csm-3.0.4\Ellipsoid.cpp">
      <Filter>Source Files</Filter>
    </ClCompile>
    <ClCompile Include="external\csm-3.0.4\FourParameterCorrelationModel.cpp">
      <Filter>Source Files</Filter>
    </ClCompile>
    <ClCompile Include="external\csm-3.0.4\GeometricModel.cpp">
      <Filter>Source Files</Filter>
    </ClCompile>
    <ClCompile Include="external\csm-3.0.4\Isd.cpp">
      <Filter>Source Files</Filter>
    </ClCompile>
    <ClCompile Include="external\csm-3.0.4\LinearDecayCorrelationModel.cpp">
      <Filter>Source Files</Filter>
    </ClCompile>
    <ClCompile Include="external\csm-3.0.4\ModelIdentifier.cpp">
      <Filter>Source Files</Filter>
    </ClCompile>
    <ClCompile Include="external\csm-3.0.4\MultiNitfIsd.cpp">
      <Filter>Source Files</Filter>
    </ClCompile>
    <ClCompile Include="external\csm-3.0.4\Plugin.cpp">
      <Filter>Source Files</Filter>
    </ClCompile>
    <ClCompile Include="external\csm-3.0.4\PointCloudGM.cpp">
      <Filter>Source Files</Filter>
    </ClCompile>
    <ClCompile Include="external\csm-3.0.4\PointCloudIsd.cpp">
      <Filter>Source Files</Filter>
    </ClCompile>
    <ClCompile Include="external\csm-3.0.4\RasterGM.cpp">
      <Filter>Source Files</Filter>
    </ClCompile>
    <ClCompile Include="external\csm-3.0.4\SettableEllipsoid.cpp">
      <Filter>Source Files</Filter>
    </ClCompile>
    <ClCompile Include="external\csm-3.0.4\Version.cpp">
      <Filter>Source Files</Filter>
    </ClCompile>
  </ItemGroup>
  <ItemGroup>
    <None Include="external\csm-3.0.4\Doxyfile" />
    <None Include="external\csm-3.0.4\LICENSE" />
    <None Include="external\csm-3.0.4\Makefile" />
    <None Include="external\csm-3.0.4\Makefile.linux" />
    <None Include="external\csm-3.0.4\Makefile.linux64" />
    <None Include="external\csm-3.0.4\Makefile.linuxIA64" />
    <None Include="external\csm-3.0.4\Makefile.sgi" />
    <None Include="external\csm-3.0.4\Makefile.solaris" />
    <None Include="external\csm-3.0.4\Makefile.solaris-stlport" />
    <None Include="external\csm-3.0.4\Makefile.solaris64" />
    <None Include="external\csm-3.0.4\Makefile.solaris64-stlport" />
    <None Include="external\csm-3.0.4\Makefile.solaris86" />
    <None Include="external\csm-3.0.4\Makefile.win32" />
    <None Include="external\csm-3.0.4\README" />
  </ItemGroup>
</Project>