<?xml version="1.0" encoding="utf-8"?>
<Project ToolsVersion="4.0" xmlns="http://schemas.microsoft.com/developer/msbuild/2003">
  <ItemGroup>
    <Filter Include="Source Files">
      <UniqueIdentifier>{4FC737F1-C7A5-4376-A066-2A32D752A2FF}</UniqueIdentifier>
      <Extensions>cpp;c;cc;cxx;c++;cppm;ixx;def;odl;idl;hpj;bat;asm;asmx</Extensions>
    </Filter>
    <Filter Include="Header Files">
      <UniqueIdentifier>{93995380-89BD-4b04-88EB-625FBE52EBFB}</UniqueIdentifier>
      <Extensions>h;hh;hpp;hxx;h++;hm;inl;inc;ipp;xsd</Extensions>
    </Filter>
    <Filter Include="Resource Files">
      <UniqueIdentifier>{67DA6AB6-F800-4c08-8B7A-83BB121AAD01}</UniqueIdentifier>
      <Extensions>rc;ico;cur;bmp;dlg;rc2;rct;bin;rgs;gif;jpg;jpeg;jpe;resx;tiff;tif;png;wav;mfcribbon-ms</Extensions>
    </Filter>
  </ItemGroup>
  <ItemGroup>
    <ClInclude Include="framework.h">
      <Filter>Header Files</Filter>
    </ClInclude>
    <ClInclude Include="pch.h">
      <Filter>Header Files</Filter>
    </ClInclude>
    <ClInclude Include="include\six\sidd\Annotations.h">
      <Filter>Header Files</Filter>
    </ClInclude>
    <ClInclude Include="include\six\sidd\CompressedSIDDByteProvider.h">
      <Filter>Header Files</Filter>
    </ClInclude>
    <ClInclude Include="include\six\sidd\Compression.h">
      <Filter>Header Files</Filter>
    </ClInclude>
    <ClInclude Include="include\six\sidd\CropUtils.h">
      <Filter>Header Files</Filter>
    </ClInclude>
    <ClInclude Include="include\six\sidd\DerivedClassification.h">
      <Filter>Header Files</Filter>
    </ClInclude>
    <ClInclude Include="include\six\sidd\DerivedData.h">
      <Filter>Header Files</Filter>
    </ClInclude>
    <ClInclude Include="include\six\sidd\DerivedDataBuilder.h">
      <Filter>Header Files</Filter>
    </ClInclude>
    <ClInclude Include="include\six\sidd\DerivedXMLControl.h">
      <Filter>Header Files</Filter>
    </ClInclude>
    <ClInclude Include="include\six\sidd\DerivedXMLParser.h">
      <Filter>Header Files</Filter>
    </ClInclude>
    <ClInclude Include="include\six\sidd\DerivedXMLParser100.h">
      <Filter>Header Files</Filter>
    </ClInclude>
    <ClInclude Include="include\six\sidd\DerivedXMLParser200.h">
      <Filter>Header Files</Filter>
    </ClInclude>
    <ClInclude Include="include\six\sidd\DigitalElevationData.h">
      <Filter>Header Files</Filter>
    </ClInclude>
    <ClInclude Include="include\six\sidd\Display.h">
      <Filter>Header Files</Filter>
    </ClInclude>
    <ClInclude Include="include\six\sidd\DownstreamReprocessing.h">
      <Filter>Header Files</Filter>
    </ClInclude>
    <ClInclude Include="include\six\sidd\Enums.h">
      <Filter>Header Files</Filter>
    </ClInclude>
    <ClInclude Include="include\six\sidd\ExploitationFeatures.h">
      <Filter>Header Files</Filter>
    </ClInclude>
    <ClInclude Include="include\six\sidd\Filter.h">
      <Filter>Header Files</Filter>
    </ClInclude>
    <ClInclude Include="include\six\sidd\GeographicAndTarget.h">
      <Filter>Header Files</Filter>
    </ClInclude>
    <ClInclude Include="include\six\sidd\GeoTIFFReadControl.h">
      <Filter>Header Files</Filter>
    </ClInclude>
    <ClInclude Include="include\six\sidd\GeoTIFFWriteControl.h">
      <Filter>Header Files</Filter>
    </ClInclude>
    <ClInclude Include="include\six\sidd\LookupTable.h">
      <Filter>Header Files</Filter>
    </ClInclude>
    <ClInclude Include="include\six\sidd\Measurement.h">
      <Filter>Header Files</Filter>
    </ClInclude>
    <ClInclude Include="include\six\sidd\ProductCreation.h">
      <Filter>Header Files</Filter>
    </ClInclude>
    <ClInclude Include="include\six\sidd\ProductProcessing.h">
      <Filter>Header Files</Filter>
    </ClInclude>
    <ClInclude Include="include\six\sidd\SFA.h">
      <Filter>Header Files</Filter>
    </ClInclude>
    <ClInclude Include="include\six\sidd\SIDDByteProvider.h">
      <Filter>Header Files</Filter>
    </ClInclude>
    <ClInclude Include="include\six\sidd\SIDDVersionUpdater.h">
      <Filter>Header Files</Filter>
    </ClInclude>
    <ClInclude Include="include\six\sidd\Utilities.h">
      <Filter>Header Files</Filter>
    </ClInclude>
  </ItemGroup>
  <ItemGroup>
    <ClCompile Include="pch.cpp">
      <Filter>Source Files</Filter>
    </ClCompile>
    <ClCompile Include="source\CompressedSIDDByteProvider.cpp">
      <Filter>Source Files</Filter>
    </ClCompile>
    <ClCompile Include="source\Compression.cpp">
      <Filter>Source Files</Filter>
    </ClCompile>
    <ClCompile Include="source\CropUtils.cpp">
      <Filter>Source Files</Filter>
    </ClCompile>
    <ClCompile Include="source\DerivedClassification.cpp">
      <Filter>Source Files</Filter>
    </ClCompile>
    <ClCompile Include="source\DerivedData.cpp">
      <Filter>Source Files</Filter>
    </ClCompile>
    <ClCompile Include="source\DerivedDataBuilder.cpp">
      <Filter>Source Files</Filter>
    </ClCompile>
    <ClCompile Include="source\DerivedXMLControl.cpp">
      <Filter>Source Files</Filter>
    </ClCompile>
    <ClCompile Include="source\DerivedXMLParser.cpp">
      <Filter>Source Files</Filter>
    </ClCompile>
    <ClCompile Include="source\DerivedXMLParser100.cpp">
      <Filter>Source Files</Filter>
    </ClCompile>
    <ClCompile Include="source\DerivedXMLParser200.cpp">
      <Filter>Source Files</Filter>
    </ClCompile>
    <ClCompile Include="source\DigitalElevationData.cpp">
      <Filter>Source Files</Filter>
    </ClCompile>
    <ClCompile Include="source\Display.cpp">
      <Filter>Source Files</Filter>
    </ClCompile>
    <ClCompile Include="source\DownstreamReprocessing.cpp">
      <Filter>Source Files</Filter>
    </ClCompile>
    <ClCompile Include="source\ExploitationFeatures.cpp">
      <Filter>Source Files</Filter>
    </ClCompile>
    <ClCompile Include="source\Filter.cpp">
      <Filter>Source Files</Filter>
    </ClCompile>
    <ClCompile Include="source\GeographicAndTarget.cpp">
      <Filter>Source Files</Filter>
    </ClCompile>
    <ClCompile Include="source\GeoTIFFReadControl.cpp">
      <Filter>Source Files</Filter>
    </ClCompile>
    <ClCompile Include="source\GeoTIFFWriteControl.cpp">
      <Filter>Source Files</Filter>
    </ClCompile>
    <ClCompile Include="source\LookupTable.cpp">
      <Filter>Source Files</Filter>
    </ClCompile>
    <ClCompile Include="source\Measurement.cpp">
      <Filter>Source Files</Filter>
    </ClCompile>
    <ClCompile Include="source\ProductCreation.cpp">
      <Filter>Source Files</Filter>
    </ClCompile>
    <ClCompile Include="source\SFA.cpp">
      <Filter>Source Files</Filter>
    </ClCompile>
    <ClCompile Include="source\SIDDByteProvider.cpp">
      <Filter>Source Files</Filter>
    </ClCompile>
    <ClCompile Include="source\SIDDVersionUpdater.cpp">
      <Filter>Source Files</Filter>
    </ClCompile>
    <ClCompile Include="source\Utilities.cpp">
      <Filter>Source Files</Filter>
    </ClCompile>
  </ItemGroup>
</Project>