<?xml version="1.0" encoding="utf-8"?>
<Project ToolsVersion="4.0" xmlns="http://schemas.microsoft.com/developer/msbuild/2003">
  <ItemGroup>
    <Filter Include="Source Files">
      <UniqueIdentifier>{4FC737F1-C7A5-4376-A066-2A32D752A2FF}</UniqueIdentifier>
      <Extensions>cpp;c;cc;cxx;c++;cppm;ixx;def;odl;idl;hpj;bat;asm;asmx</Extensions>
    </Filter>
    <Filter Include="Header Files">
      <UniqueIdentifier>{93995380-89BD-4b04-88EB-625FBE52EBFB}</UniqueIdentifier>
      <Extensions>h;hh;hpp;hxx;h++;hm;inl;inc;ipp;xsd</Extensions>
    </Filter>
    <Filter Include="Resource Files">
      <UniqueIdentifier>{67DA6AB6-F800-4c08-8B7A-83BB121AAD01}</UniqueIdentifier>
      <Extensions>rc;ico;cur;bmp;dlg;rc2;rct;bin;rgs;gif;jpg;jpeg;jpe;resx;tiff;tif;png;wav;mfcribbon-ms</Extensions>
    </Filter>
  </ItemGroup>
  <ItemGroup>
    <ClInclude Include="framework.h">
      <Filter>Header Files</Filter>
    </ClInclude>
    <ClInclude Include="pch.h">
      <Filter>Header Files</Filter>
    </ClInclude>
    <ClInclude Include="include\six\Adapters.h">
      <Filter>Header Files</Filter>
    </ClInclude>
    <ClInclude Include="include\six\ByteProvider.h">
      <Filter>Header Files</Filter>
    </ClInclude>
    <ClInclude Include="include\six\Classification.h">
      <Filter>Header Files</Filter>
    </ClInclude>
    <ClInclude Include="include\six\CollectionInformation.h">
      <Filter>Header Files</Filter>
    </ClInclude>
    <ClInclude Include="include\six\CompressedByteProvider.h">
      <Filter>Header Files</Filter>
    </ClInclude>
    <ClInclude Include="include\six\Container.h">
      <Filter>Header Files</Filter>
    </ClInclude>
    <ClInclude Include="include\six\Data.h">
      <Filter>Header Files</Filter>
    </ClInclude>
    <ClInclude Include="include\six\Enums.h">
      <Filter>Header Files</Filter>
    </ClInclude>
    <ClInclude Include="include\six\ErrorStatistics.h">
      <Filter>Header Files</Filter>
    </ClInclude>
    <ClInclude Include="include\six\GeoDataBase.h">
      <Filter>Header Files</Filter>
    </ClInclude>
    <ClInclude Include="include\six\GeoInfo.h">
      <Filter>Header Files</Filter>
    </ClInclude>
    <ClInclude Include="include\six\Init.h">
      <Filter>Header Files</Filter>
    </ClInclude>
    <ClInclude Include="include\six\Legend.h">
      <Filter>Header Files</Filter>
    </ClInclude>
    <ClInclude Include="include\six\MatchInformation.h">
      <Filter>Header Files</Filter>
    </ClInclude>
    <ClInclude Include="include\six\Mesh.h">
      <Filter>Header Files</Filter>
    </ClInclude>
    <ClInclude Include="include\six\NITFHeaderCreator.h">
      <Filter>Header Files</Filter>
    </ClInclude>
    <ClInclude Include="include\six\NITFImageInfo.h">
      <Filter>Header Files</Filter>
    </ClInclude>
    <ClInclude Include="include\six\NITFImageInputStream.h">
      <Filter>Header Files</Filter>
    </ClInclude>
    <ClInclude Include="include\six\NITFReadControl.h">
      <Filter>Header Files</Filter>
    </ClInclude>
    <ClInclude Include="include\six\NITFSegmentInfo.h">
      <Filter>Header Files</Filter>
    </ClInclude>
    <ClInclude Include="include\six\NITFWriteControl.h">
      <Filter>Header Files</Filter>
    </ClInclude>
    <ClInclude Include="include\six\Options.h">
      <Filter>Header Files</Filter>
    </ClInclude>
    <ClInclude Include="include\six\Parameter.h">
      <Filter>Header Files</Filter>
    </ClInclude>
    <ClInclude Include="include\six\ParameterCollection.h">
      <Filter>Header Files</Filter>
    </ClInclude>
    <ClInclude Include="include\six\Radiometric.h">
      <Filter>Header Files</Filter>
    </ClInclude>
    <ClInclude Include="include\six\ReadControl.h">
      <Filter>Header Files</Filter>
    </ClInclude>
    <ClInclude Include="include\six\ReadControlFactory.h">
      <Filter>Header Files</Filter>
    </ClInclude>
    <ClInclude Include="include\six\Region.h">
      <Filter>Header Files</Filter>
    </ClInclude>
    <ClInclude Include="include\six\Serialize.h">
      <Filter>Header Files</Filter>
    </ClInclude>
    <ClInclude Include="include\six\SICommonXMLParser.h">
      <Filter>Header Files</Filter>
    </ClInclude>
    <ClInclude Include="include\six\SICommonXMLParser01x.h">
      <Filter>Header Files</Filter>
    </ClInclude>
    <ClInclude Include="include\six\SICommonXMLParser10x.h">
      <Filter>Header Files</Filter>
    </ClInclude>
    <ClInclude Include="include\six\Types.h">
      <Filter>Header Files</Filter>
    </ClInclude>
    <ClInclude Include="include\six\Utilities.h">
      <Filter>Header Files</Filter>
    </ClInclude>
    <ClInclude Include="include\six\VersionUpdater.h">
      <Filter>Header Files</Filter>
    </ClInclude>
    <ClInclude Include="include\six\WriteControl.h">
      <Filter>Header Files</Filter>
    </ClInclude>
    <ClInclude Include="include\six\XMLControl.h">
      <Filter>Header Files</Filter>
    </ClInclude>
    <ClInclude Include="include\six\XMLControlFactory.h">
      <Filter>Header Files</Filter>
    </ClInclude>
    <ClInclude Include="include\six\XMLParser.h">
      <Filter>Header Files</Filter>
    </ClInclude>
    <ClInclude Include="include\six\Enum.h">
      <Filter>Header Files</Filter>
    </ClInclude>
    <ClInclude Include="include\six\Version.h">
      <Filter>Header Files</Filter>
    </ClInclude>
    <ClInclude Include="include\six\Logger.h">
      <Filter>Header Files</Filter>
    </ClInclude>
    <ClInclude Include="include\six\XmlLite.h">
      <Filter>Header Files</Filter>
    </ClInclude>
  </ItemGroup>
  <ItemGroup>
    <ClCompile Include="pch.cpp">
      <Filter>Source Files</Filter>
    </ClCompile>
    <ClCompile Include="source\Adapters.cpp">
      <Filter>Source Files</Filter>
    </ClCompile>
    <ClCompile Include="source\ByteProvider.cpp">
      <Filter>Source Files</Filter>
    </ClCompile>
    <ClCompile Include="source\Classification.cpp">
      <Filter>Source Files</Filter>
    </ClCompile>
    <ClCompile Include="source\CollectionInformation.cpp">
      <Filter>Source Files</Filter>
    </ClCompile>
    <ClCompile Include="source\CompressedByteProvider.cpp">
      <Filter>Source Files</Filter>
    </ClCompile>
    <ClCompile Include="source\Container.cpp">
      <Filter>Source Files</Filter>
    </ClCompile>
    <ClCompile Include="source\Data.cpp">
      <Filter>Source Files</Filter>
    </ClCompile>
    <ClCompile Include="source\ErrorStatistics.cpp">
      <Filter>Source Files</Filter>
    </ClCompile>
    <ClCompile Include="source\GeoDataBase.cpp">
      <Filter>Source Files</Filter>
    </ClCompile>
    <ClCompile Include="source\GeoInfo.cpp">
      <Filter>Source Files</Filter>
    </ClCompile>
    <ClCompile Include="source\Init.cpp">
      <Filter>Source Files</Filter>
    </ClCompile>
    <ClCompile Include="source\MatchInformation.cpp">
      <Filter>Source Files</Filter>
    </ClCompile>
    <ClCompile Include="source\Mesh.cpp">
      <Filter>Source Files</Filter>
    </ClCompile>
    <ClCompile Include="source\NITFHeaderCreator.cpp">
      <Filter>Source Files</Filter>
    </ClCompile>
    <ClCompile Include="source\NITFImageInfo.cpp">
      <Filter>Source Files</Filter>
    </ClCompile>
    <ClCompile Include="source\NITFImageInputStream.cpp">
      <Filter>Source Files</Filter>
    </ClCompile>
    <ClCompile Include="source\NITFReadControl.cpp">
      <Filter>Source Files</Filter>
    </ClCompile>
    <ClCompile Include="source\NITFSegmentInfo.cpp">
      <Filter>Source Files</Filter>
    </ClCompile>
    <ClCompile Include="source\NITFWriteControl.cpp">
      <Filter>Source Files</Filter>
    </ClCompile>
    <ClCompile Include="source\Options.cpp">
      <Filter>Source Files</Filter>
    </ClCompile>
    <ClCompile Include="source\ParameterCollection.cpp">
      <Filter>Source Files</Filter>
    </ClCompile>
    <ClCompile Include="source\Radiometric.cpp">
      <Filter>Source Files</Filter>
    </ClCompile>
    <ClCompile Include="source\ReadControlFactory.cpp">
      <Filter>Source Files</Filter>
    </ClCompile>
    <ClCompile Include="source\SICommonXMLParser.cpp">
      <Filter>Source Files</Filter>
    </ClCompile>
    <ClCompile Include="source\SICommonXMLParser01x.cpp">
      <Filter>Source Files</Filter>
    </ClCompile>
    <ClCompile Include="source\SICommonXMLParser10x.cpp">
      <Filter>Source Files</Filter>
    </ClCompile>
    <ClCompile Include="source\Types.cpp">
      <Filter>Source Files</Filter>
    </ClCompile>
    <ClCompile Include="source\Utilities.cpp">
      <Filter>Source Files</Filter>
    </ClCompile>
    <ClCompile Include="source\VersionUpdater.cpp">
      <Filter>Source Files</Filter>
    </ClCompile>
    <ClCompile Include="source\WriteControl.cpp">
      <Filter>Source Files</Filter>
    </ClCompile>
    <ClCompile Include="source\XMLControl.cpp">
      <Filter>Source Files</Filter>
    </ClCompile>
    <ClCompile Include="source\XMLControlFactory.cpp">
      <Filter>Source Files</Filter>
    </ClCompile>
    <ClCompile Include="source\XMLParser.cpp">
      <Filter>Source Files</Filter>
    </ClCompile>
    <ClCompile Include="source\Logger.cpp">
      <Filter>Source Files</Filter>
    </ClCompile>
    <ClCompile Include="source\XmlLite.cpp">
      <Filter>Source Files</Filter>
    </ClCompile>
    <ClCompile Include="source\Enums.cpp">
      <Filter>Source Files</Filter>
    </ClCompile>
  </ItemGroup>
</Project>